# This file is autogenerated, do not edit; changes may be undone by the next 'dep ensure'.


[[projects]]
  digest = "1:32e98f239e0f8e9968370dbb797e301e59a747a99588917ca24550365465e47e"
  name = "github.com/SebastiaanKlippert/go-wkhtmltopdf"
  packages = ["."]
  pruneopts = "UT"
  revision = "72a7793efd38728796273861bb27d590cc33d9d4"
  version = "v1.4.1"

[[projects]]
  digest = "1:c9569285dae689c3714582ca1050eeb2ce4d3e4c523dec1e9b1e1ba0ce532f9b"
  name = "github.com/jung-kurt/gofpdf"
  packages = ["."]
  pruneopts = "UT"
  revision = "63b1b6311f9f0fc5e765111030f9e3957b2a67f6"
  version = "v2.7.1"

[solve-meta]
  analyzer-name = "dep"
  analyzer-version = 1
  input-imports = [
    "github.com/SebastiaanKlippert/go-wkhtmltopdf",
    "github.com/jung-kurt/gofpdf",
  ]
  solver-name = "gps-cdcl"
  solver-version = 1
